
Microsoft Visual Studio Solution File, Format Version 12.00
# Visual Studio Version 17
VisualStudioVersion = 17.9.34728.123
MinimumVisualStudioVersion = 10.0.40219.1
Project("{FAE04EC0-301F-11D3-BF4B-00C04F79EFBC}") = "1.HomeworkC#", "1.HomeworkC#\1.HomeworkC#.csproj", "{5361674D-973E-468E-906A-6ED335507253}"
EndProject
Global
	GlobalSection(SolutionConfigurationPlatforms) = preSolution
		Debug|Any CPU = Debug|Any CPU
		Release|Any CPU = Release|Any CPU
	EndGlobalSection
	GlobalSection(ProjectConfigurationPlatforms) = postSolution
		{5361674D-973E-468E-906A-6ED335507253}.Debug|Any CPU.ActiveCfg = Debug|Any CPU
		{5361674D-973E-468E-906A-6ED335507253}.Debug|Any CPU.Build.0 = Debug|Any CPU
		{5361674D-973E-468E-906A-6ED335507253}.Release|Any CPU.ActiveCfg = Release|Any CPU
		{5361674D-973E-468E-906A-6ED335507253}.Release|Any CPU.Build.0 = Release|Any CPU
	EndGlobalSection
	GlobalSection(SolutionProperties) = preSolution
		HideSolutionNode = FALSE
	EndGlobalSection
	GlobalSection(ExtensibilityGlobals) = postSolution
		SolutionGuid = {4941FEC2-A114-4E61-8971-1F0520C90621}
	EndGlobalSection
EndGlobal
